
Microsoft Visual Studio Solution File, Format Version 11.00
# Visual Studio 2010
Project("{FAE04EC0-301F-11D3-BF4B-00C04F79EFBC}") = "Assembly-CSharp", "Assembly-CSharp.csproj", "{bf1036cd-9b91-ad4a-b2a7-1bdf1d6f272e}"
EndProject
Project("{FAE04EC0-301F-11D3-BF4B-00C04F79EFBC}") = "Assembly-CSharp-Editor", "Assembly-CSharp-Editor.csproj", "{19db3a0a-2a2a-7404-3305-3682804ce2f3}"
EndProject
Global
	GlobalSection(SolutionConfigurationPlatforms) = preSolution
		Debug|Any CPU = Debug|Any CPU
	EndGlobalSection
	GlobalSection(ProjectConfigurationPlatforms) = postSolution
		{bf1036cd-9b91-ad4a-b2a7-1bdf1d6f272e}.Debug|Any CPU.ActiveCfg = Debug|Any CPU
		{bf1036cd-9b91-ad4a-b2a7-1bdf1d6f272e}.Debug|Any CPU.Build.0 = Debug|Any CPU
		{19db3a0a-2a2a-7404-3305-3682804ce2f3}.Debug|Any CPU.ActiveCfg = Debug|Any CPU
		{19db3a0a-2a2a-7404-3305-3682804ce2f3}.Debug|Any CPU.Build.0 = Debug|Any CPU
	EndGlobalSection
	GlobalSection(SolutionProperties) = preSolution
		HideSolutionNode = FALSE
	EndGlobalSection
EndGlobal
